// !$*UTF8*$!
{
	archiveVersion = 1;
	classes = {
	};
	objectVersion = 50;
	objects = {

/* Begin PBXBuildFile section */
		E2BA8EE426D3769600AB3040 /* pageview_data_flowApp.swift in Sources */ = {isa = PBXBuildFile; fileRef = E2BA8EE326D3769600AB3040 /* pageview_data_flowApp.swift */; };
		E2BA8EE626D3769600AB3040 /* ContentView.swift in Sources */ = {isa = PBXBuildFile; fileRef = E2BA8EE526D3769600AB3040 /* ContentView.swift */; };
		E2BA8EE826D3769A00AB3040 /* Assets.xcassets in Resources */ = {isa = PBXBuildFile; fileRef = E2BA8EE726D3769A00AB3040 /* Assets.xcassets */; };
		E2BA8EEB26D3769A00AB3040 /* Preview Assets.xcassets in Resources */ = {isa = PBXBuildFile; fileRef = E2BA8EEA26D3769A00AB3040 /* Preview Assets.xcassets */; };
		E2BA8EF326D3779D00AB3040 /* PlayTabView.swift in Sources */ = {isa = PBXBuildFile; fileRef = E2BA8EF226D3779D00AB3040 /* PlayTabView.swift */; };
		E2BA8EF526D3785C00AB3040 /* PlayTabViewModel.swift in Sources */ = {isa = PBXBuildFile; fileRef = E2BA8EF426D3785C00AB3040 /* PlayTabViewModel.swift */; };
		E2BA8EF726D3787E00AB3040 /* Course.swift in Sources */ = {isa = PBXBuildFile; fileRef = E2BA8EF626D3787E00AB3040 /* Course.swift */; };
		E2BA8EFC26D378CE00AB3040 /* Player.swift in Sources */ = {isa = PBXBuildFile; fileRef = E2BA8EFB26D378CE00AB3040 /* Player.swift */; };
		E2BA8EFE26D37C1800AB3040 /* PlayPlayerCell.swift in Sources */ = {isa = PBXBuildFile; fileRef = E2BA8EFD26D37C1800AB3040 /* PlayPlayerCell.swift */; };
		E2BA8F0026D3804300AB3040 /* ScoresView.swift in Sources */ = {isa = PBXBuildFile; fileRef = E2BA8EFF26D3804300AB3040 /* ScoresView.swift */; };
		E2BA8F0226D380ED00AB3040 /* ScoresViewModel.swift in Sources */ = {isa = PBXBuildFile; fileRef = E2BA8F0126D380ED00AB3040 /* ScoresViewModel.swift */; };
		E2BA8F0426D3811900AB3040 /* Score.swift in Sources */ = {isa = PBXBuildFile; fileRef = E2BA8F0326D3811900AB3040 /* Score.swift */; };
		E2BA8F0626D3848600AB3040 /* ScorePlayerCell.swift in Sources */ = {isa = PBXBuildFile; fileRef = E2BA8F0526D3848600AB3040 /* ScorePlayerCell.swift */; };
/* End PBXBuildFile section */

/* Begin PBXFileReference section */
		E2BA8EE026D3769600AB3040 /* pageview_data_flow.app */ = {isa = PBXFileReference; explicitFileType = wrapper.application; includeInIndex = 0; path = pageview_data_flow.app; sourceTree = BUILT_PRODUCTS_DIR; };
		E2BA8EE326D3769600AB3040 /* pageview_data_flowApp.swift */ = {isa = PBXFileReference; lastKnownFileType = sourcecode.swift; path = pageview_data_flowApp.swift; sourceTree = "<group>"; };
		E2BA8EE526D3769600AB3040 /* ContentView.swift */ = {isa = PBXFileReference; lastKnownFileType = sourcecode.swift; path = ContentView.swift; sourceTree = "<group>"; };
		E2BA8EE726D3769A00AB3040 /* Assets.xcassets */ = {isa = PBXFileReference; lastKnownFileType = folder.assetcatalog; path = Assets.xcassets; sourceTree = "<group>"; };
		E2BA8EEA26D3769A00AB3040 /* Preview Assets.xcassets */ = {isa = PBXFileReference; lastKnownFileType = folder.assetcatalog; path = "Preview Assets.xcassets"; sourceTree = "<group>"; };
		E2BA8EEC26D3769A00AB3040 /* Info.plist */ = {isa = PBXFileReference; lastKnownFileType = text.plist.xml; path = Info.plist; sourceTree = "<group>"; };
		E2BA8EF226D3779D00AB3040 /* PlayTabView.swift */ = {isa = PBXFileReference; lastKnownFileType = sourcecode.swift; path = PlayTabView.swift; sourceTree = "<group>"; };
		E2BA8EF426D3785C00AB3040 /* PlayTabViewModel.swift */ = {isa = PBXFileReference; lastKnownFileType = sourcecode.swift; path = PlayTabViewModel.swift; sourceTree = "<group>"; };
		E2BA8EF626D3787E00AB3040 /* Course.swift */ = {isa = PBXFileReference; lastKnownFileType = sourcecode.swift; path = Course.swift; sourceTree = "<group>"; };
		E2BA8EFB26D378CE00AB3040 /* Player.swift */ = {isa = PBXFileReference; lastKnownFileType = sourcecode.swift; path = Player.swift; sourceTree = "<group>"; };
		E2BA8EFD26D37C1800AB3040 /* PlayPlayerCell.swift */ = {isa = PBXFileReference; lastKnownFileType = sourcecode.swift; path = PlayPlayerCell.swift; sourceTree = "<group>"; };
		E2BA8EFF26D3804300AB3040 /* ScoresView.swift */ = {isa = PBXFileReference; lastKnownFileType = sourcecode.swift; path = ScoresView.swift; sourceTree = "<group>"; };
		E2BA8F0126D380ED00AB3040 /* ScoresViewModel.swift */ = {isa = PBXFileReference; lastKnownFileType = sourcecode.swift; path = ScoresViewModel.swift; sourceTree = "<group>"; };
		E2BA8F0326D3811900AB3040 /* Score.swift */ = {isa = PBXFileReference; lastKnownFileType = sourcecode.swift; path = Score.swift; sourceTree = "<group>"; };
		E2BA8F0526D3848600AB3040 /* ScorePlayerCell.swift */ = {isa = PBXFileReference; lastKnownFileType = sourcecode.swift; path = ScorePlayerCell.swift; sourceTree = "<group>"; };
/* End PBXFileReference section */

/* Begin PBXFrameworksBuildPhase section */
		E2BA8EDD26D3769600AB3040 /* Frameworks */ = {
			isa = PBXFrameworksBuildPhase;
			buildActionMask = 2147483647;
			files = (
			);
			runOnlyForDeploymentPostprocessing = 0;
		};
/* End PBXFrameworksBuildPhase section */

/* Begin PBXGroup section */
		E2BA8ED726D3769600AB3040 = {
			isa = PBXGroup;
			children = (
				E2BA8EE226D3769600AB3040 /* pageview_data_flow */,
				E2BA8EE126D3769600AB3040 /* Products */,
			);
			sourceTree = "<group>";
		};
		E2BA8EE126D3769600AB3040 /* Products */ = {
			isa = PBXGroup;
			children = (
				E2BA8EE026D3769600AB3040 /* pageview_data_flow.app */,
			);
			name = Products;
			sourceTree = "<group>";
		};
		E2BA8EE226D3769600AB3040 /* pageview_data_flow */ = {
			isa = PBXGroup;
			children = (
				E2BA8EFA26D3788B00AB3040 /* ViewModel */,
				E2BA8EF926D3788700AB3040 /* View */,
				E2BA8EF826D3788200AB3040 /* Model */,
				E2BA8EE326D3769600AB3040 /* pageview_data_flowApp.swift */,
				E2BA8EE726D3769A00AB3040 /* Assets.xcassets */,
				E2BA8EEC26D3769A00AB3040 /* Info.plist */,
				E2BA8EE926D3769A00AB3040 /* Preview Content */,
			);
			path = pageview_data_flow;
			sourceTree = "<group>";
		};
		E2BA8EE926D3769A00AB3040 /* Preview Content */ = {
			isa = PBXGroup;
			children = (
				E2BA8EEA26D3769A00AB3040 /* Preview Assets.xcassets */,
			);
			path = "Preview Content";
			sourceTree = "<group>";
		};
		E2BA8EF826D3788200AB3040 /* Model */ = {
			isa = PBXGroup;
			children = (
				E2BA8EF626D3787E00AB3040 /* Course.swift */,
				E2BA8EFB26D378CE00AB3040 /* Player.swift */,
				E2BA8F0326D3811900AB3040 /* Score.swift */,
			);
			path = Model;
			sourceTree = "<group>";
		};
		E2BA8EF926D3788700AB3040 /* View */ = {
			isa = PBXGroup;
			children = (
				E2BA8EE526D3769600AB3040 /* ContentView.swift */,
				E2BA8EF226D3779D00AB3040 /* PlayTabView.swift */,
				E2BA8EFD26D37C1800AB3040 /* PlayPlayerCell.swift */,
				E2BA8EFF26D3804300AB3040 /* ScoresView.swift */,
				E2BA8F0526D3848600AB3040 /* ScorePlayerCell.swift */,
			);
			path = View;
			sourceTree = "<group>";
		};
		E2BA8EFA26D3788B00AB3040 /* ViewModel */ = {
			isa = PBXGroup;
			children = (
				E2BA8EF426D3785C00AB3040 /* PlayTabViewModel.swift */,
				E2BA8F0126D380ED00AB3040 /* ScoresViewModel.swift */,
			);
			path = ViewModel;
			sourceTree = "<group>";
		};
/* End PBXGroup section */

/* Begin PBXNativeTarget section */
		E2BA8EDF26D3769600AB3040 /* pageview_data_flow */ = {
			isa = PBXNativeTarget;
			buildConfigurationList = E2BA8EEF26D3769A00AB3040 /* Build configuration list for PBXNativeTarget "pageview_data_flow" */;
			buildPhases = (
				E2BA8EDC26D3769600AB3040 /* Sources */,
				E2BA8EDD26D3769600AB3040 /* Frameworks */,
				E2BA8EDE26D3769600AB3040 /* Resources */,
			);
			buildRules = (
			);
			dependencies = (
			);
			name = pageview_data_flow;
			productName = pageview_data_flow;
			productReference = E2BA8EE026D3769600AB3040 /* pageview_data_flow.app */;
			productType = "com.apple.product-type.application";
		};
/* End PBXNativeTarget section */

/* Begin PBXProject section */
		E2BA8ED826D3769600AB3040 /* Project object */ = {
			isa = PBXProject;
			attributes = {
				LastSwiftUpdateCheck = 1250;
				LastUpgradeCheck = 1250;
				TargetAttributes = {
					E2BA8EDF26D3769600AB3040 = {
						CreatedOnToolsVersion = 12.5.1;
					};
				};
			};
			buildConfigurationList = E2BA8EDB26D3769600AB3040 /* Build configuration list for PBXProject "pageview_data_flow" */;
			compatibilityVersion = "Xcode 9.3";
			developmentRegion = en;
			hasScannedForEncodings = 0;
			knownRegions = (
				en,
				Base,
			);
			mainGroup = E2BA8ED726D3769600AB3040;
			productRefGroup = E2BA8EE126D3769600AB3040 /* Products */;
			projectDirPath = "";
			projectRoot = "";
			targets = (
				E2BA8EDF26D3769600AB3040 /* pageview_data_flow */,
			);
		};
/* End PBXProject section */

/* Begin PBXResourcesBuildPhase section */
		E2BA8EDE26D3769600AB3040 /* Resources */ = {
			isa = PBXResourcesBuildPhase;
			buildActionMask = 2147483647;
			files = (
				E2BA8EEB26D3769A00AB3040 /* Preview Assets.xcassets in Resources */,
				E2BA8EE826D3769A00AB3040 /* Assets.xcassets in Resources */,
			);
			runOnlyForDeploymentPostprocessing = 0;
		};
/* End PBXResourcesBuildPhase section */

/* Begin PBXSourcesBuildPhase section */
		E2BA8EDC26D3769600AB3040 /* Sources */ = {
			isa = PBXSourcesBuildPhase;
			buildActionMask = 2147483647;
			files = (
				E2BA8EF526D3785C00AB3040 /* PlayTabViewModel.swift in Sources */,
				E2BA8EE626D3769600AB3040 /* ContentView.swift in Sources */,
				E2BA8EF726D3787E00AB3040 /* Course.swift in Sources */,
				E2BA8EE426D3769600AB3040 /* pageview_data_flowApp.swift in Sources */,
				E2BA8F0426D3811900AB3040 /* Score.swift in Sources */,
				E2BA8EFC26D378CE00AB3040 /* Player.swift in Sources */,
				E2BA8F0026D3804300AB3040 /* ScoresView.swift in Sources */,
				E2BA8F0226D380ED00AB3040 /* ScoresViewModel.swift in Sources */,
				E2BA8F0626D3848600AB3040 /* ScorePlayerCell.swift in Sources */,
				E2BA8EF326D3779D00AB3040 /* PlayTabView.swift in Sources */,
				E2BA8EFE26D37C1800AB3040 /* PlayPlayerCell.swift in Sources */,
			);
			runOnlyForDeploymentPostprocessing = 0;
		};
/* End PBXSourcesBuildPhase section */

/* Begin XCBuildConfiguration section */
		E2BA8EED26D3769A00AB3040 /* Debug */ = {
			isa = XCBuildConfiguration;
			buildSettings = {
				ALWAYS_SEARCH_USER_PATHS = NO;
				CLANG_ANALYZER_NONNULL = YES;
				CLANG_ANALYZER_NUMBER_OBJECT_CONVERSION = YES_AGGRESSIVE;
				CLANG_CXX_LANGUAGE_STANDARD = "gnu++14";
				CLANG_CXX_LIBRARY = "libc++";
				CLANG_ENABLE_MODULES = YES;
				CLANG_ENABLE_OBJC_ARC = YES;
				CLANG_ENABLE_OBJC_WEAK = YES;
				CLANG_WARN_BLOCK_CAPTURE_AUTORELEASING = YES;
				CLANG_WARN_BOOL_CONVERSION = YES;
				CLANG_WARN_COMMA = YES;
				CLANG_WARN_CONSTANT_CONVERSION = YES;
				CLANG_WARN_DEPRECATED_OBJC_IMPLEMENTATIONS = YES;
				CLANG_WARN_DIRECT_OBJC_ISA_USAGE = YES_ERROR;
				CLANG_WARN_DOCUMENTATION_COMMENTS = YES;
				CLANG_WARN_EMPTY_BODY = YES;
				CLANG_WARN_ENUM_CONVERSION = YES;
				CLANG_WARN_INFINITE_RECURSION = YES;
				CLANG_WARN_INT_CONVERSION = YES;
				CLANG_WARN_NON_LITERAL_NULL_CONVERSION = YES;
				CLANG_WARN_OBJC_IMPLICIT_RETAIN_SELF = YES;
				CLANG_WARN_OBJC_LITERAL_CONVERSION = YES;
				CLANG_WARN_OBJC_ROOT_CLASS = YES_ERROR;
				CLANG_WARN_QUOTED_INCLUDE_IN_FRAMEWORK_HEADER = YES;
				CLANG_WARN_RANGE_LOOP_ANALYSIS = YES;
				CLANG_WARN_STRICT_PROTOTYPES = YES;
				CLANG_WARN_SUSPICIOUS_MOVE = YES;
				CLANG_WARN_UNGUARDED_AVAILABILITY = YES_AGGRESSIVE;
				CLANG_WARN_UNREACHABLE_CODE = YES;
				CLANG_WARN__DUPLICATE_METHOD_MATCH = YES;
				COPY_PHASE_STRIP = NO;
				DEBUG_INFORMATION_FORMAT = dwarf;
				ENABLE_STRICT_OBJC_MSGSEND = YES;
				ENABLE_TESTABILITY = YES;
				GCC_C_LANGUAGE_STANDARD = gnu11;
				GCC_DYNAMIC_NO_PIC = NO;
				GCC_NO_COMMON_BLOCKS = YES;
				GCC_OPTIMIZATION_LEVEL = 0;
				GCC_PREPROCESSOR_DEFINITIONS = (
					"DEBUG=1",
					"$(inherited)",
				);
				GCC_WARN_64_TO_32_BIT_CONVERSION = YES;
				GCC_WARN_ABOUT_RETURN_TYPE = YES_ERROR;
				GCC_WARN_UNDECLARED_SELECTOR = YES;
				GCC_WARN_UNINITIALIZED_AUTOS = YES_AGGRESSIVE;
				GCC_WARN_UNUSED_FUNCTION = YES;
				GCC_WARN_UNUSED_VARIABLE = YES;
				IPHONEOS_DEPLOYMENT_TARGET = 14.5;
				MTL_ENABLE_DEBUG_INFO = INCLUDE_SOURCE;
				MTL_FAST_MATH = YES;
				ONLY_ACTIVE_ARCH = YES;
				SDKROOT = iphoneos;
				SWIFT_ACTIVE_COMPILATION_CONDITIONS = DEBUG;
				SWIFT_OPTIMIZATION_LEVEL = "-Onone";
			};
			name = Debug;
		};
		E2BA8EEE26D3769A00AB3040 /* Release */ = {
			isa = XCBuildConfiguration;
			buildSettings = {
				ALWAYS_SEARCH_USER_PATHS = NO;
				CLANG_ANALYZER_NONNULL = YES;
				CLANG_ANALYZER_NUMBER_OBJECT_CONVERSION = YES_AGGRESSIVE;
				CLANG_CXX_LANGUAGE_STANDARD = "gnu++14";
				CLANG_CXX_LIBRARY = "libc++";
				CLANG_ENABLE_MODULES = YES;
				CLANG_ENABLE_OBJC_ARC = YES;
				CLANG_ENABLE_OBJC_WEAK = YES;
				CLANG_WARN_BLOCK_CAPTURE_AUTORELEASING = YES;
				CLANG_WARN_BOOL_CONVERSION = YES;
				CLANG_WARN_COMMA = YES;
				CLANG_WARN_CONSTANT_CONVERSION = YES;
				CLANG_WARN_DEPRECATED_OBJC_IMPLEMENTATIONS = YES;
				CLANG_WARN_DIRECT_OBJC_ISA_USAGE = YES_ERROR;
				CLANG_WARN_DOCUMENTATION_COMMENTS = YES;
				CLANG_WARN_EMPTY_BODY = YES;
				CLANG_WARN_ENUM_CONVERSION = YES;
				CLANG_WARN_INFINITE_RECURSION = YES;
				CLANG_WARN_INT_CONVERSION = YES;
				CLANG_WARN_NON_LITERAL_NULL_CONVERSION = YES;
				CLANG_WARN_OBJC_IMPLICIT_RETAIN_SELF = YES;
				CLANG_WARN_OBJC_LITERAL_CONVERSION = YES;
				CLANG_WARN_OBJC_ROOT_CLASS = YES_ERROR;
				CLANG_WARN_QUOTED_INCLUDE_IN_FRAMEWORK_HEADER = YES;
				CLANG_WARN_RANGE_LOOP_ANALYSIS = YES;
				CLANG_WARN_STRICT_PROTOTYPES = YES;
				CLANG_WARN_SUSPICIOUS_MOVE = YES;
				CLANG_WARN_UNGUARDED_AVAILABILITY = YES_AGGRESSIVE;
				CLANG_WARN_UNREACHABLE_CODE = YES;
				CLANG_WARN__DUPLICATE_METHOD_MATCH = YES;
				COPY_PHASE_STRIP = NO;
				DEBUG_INFORMATION_FORMAT = "dwarf-with-dsym";
				ENABLE_NS_ASSERTIONS = NO;
				ENABLE_STRICT_OBJC_MSGSEND = YES;
				GCC_C_LANGUAGE_STANDARD = gnu11;
				GCC_NO_COMMON_BLOCKS = YES;
				GCC_WARN_64_TO_32_BIT_CONVERSION = YES;
				GCC_WARN_ABOUT_RETURN_TYPE = YES_ERROR;
				GCC_WARN_UNDECLARED_SELECTOR = YES;
				GCC_WARN_UNINITIALIZED_AUTOS = YES_AGGRESSIVE;
				GCC_WARN_UNUSED_FUNCTION = YES;
				GCC_WARN_UNUSED_VARIABLE = YES;
				IPHONEOS_DEPLOYMENT_TARGET = 14.5;
				MTL_ENABLE_DEBUG_INFO = NO;
				MTL_FAST_MATH = YES;
				SDKROOT = iphoneos;
				SWIFT_COMPILATION_MODE = wholemodule;
				SWIFT_OPTIMIZATION_LEVEL = "-O";
				VALIDATE_PRODUCT = YES;
			};
			name = Release;
		};
		E2BA8EF026D3769A00AB3040 /* Debug */ = {
			isa = XCBuildConfiguration;
			buildSettings = {
				ASSETCATALOG_COMPILER_APPICON_NAME = AppIcon;
				ASSETCATALOG_COMPILER_GLOBAL_ACCENT_COLOR_NAME = AccentColor;
				CODE_SIGN_STYLE = Automatic;
				DEVELOPMENT_ASSET_PATHS = "\"pageview_data_flow/Preview Content\"";
				DEVELOPMENT_TEAM = YG4F3H4T9X;
				ENABLE_PREVIEWS = YES;
				INFOPLIST_FILE = pageview_data_flow/Info.plist;
				IPHONEOS_DEPLOYMENT_TARGET = 14.0;
				LD_RUNPATH_SEARCH_PATHS = (
					"$(inherited)",
					"@executable_path/Frameworks",
				);
				PRODUCT_BUNDLE_IDENTIFIER = "com.tonileivo.pageview-data-flow";
				PRODUCT_NAME = "$(TARGET_NAME)";
				SWIFT_VERSION = 5.0;
				TARGETED_DEVICE_FAMILY = "1,2";
			};
			name = Debug;
		};
		E2BA8EF126D3769A00AB3040 /* Release */ = {
			isa = XCBuildConfiguration;
			buildSettings = {
				ASSETCATALOG_COMPILER_APPICON_NAME = AppIcon;
				ASSETCATALOG_COMPILER_GLOBAL_ACCENT_COLOR_NAME = AccentColor;
				CODE_SIGN_STYLE = Automatic;
				DEVELOPMENT_ASSET_PATHS = "\"pageview_data_flow/Preview Content\"";
				DEVELOPMENT_TEAM = YG4F3H4T9X;
				ENABLE_PREVIEWS = YES;
				INFOPLIST_FILE = pageview_data_flow/Info.plist;
				IPHONEOS_DEPLOYMENT_TARGET = 14.0;
				LD_RUNPATH_SEARCH_PATHS = (
					"$(inherited)",
					"@executable_path/Frameworks",
				);
				PRODUCT_BUNDLE_IDENTIFIER = "com.tonileivo.pageview-data-flow";
				PRODUCT_NAME = "$(TARGET_NAME)";
				SWIFT_VERSION = 5.0;
				TARGETED_DEVICE_FAMILY = "1,2";
			};
			name = Release;
		};
/* End XCBuildConfiguration section */

/* Begin XCConfigurationList section */
		E2BA8EDB26D3769600AB3040 /* Build configuration list for PBXProject "pageview_data_flow" */ = {
			isa = XCConfigurationList;
			buildConfigurations = (
				E2BA8EED26D3769A00AB3040 /* Debug */,
				E2BA8EEE26D3769A00AB3040 /* Release */,
			);
			defaultConfigurationIsVisible = 0;
			defaultConfigurationName = Release;
		};
		E2BA8EEF26D3769A00AB3040 /* Build configuration list for PBXNativeTarget "pageview_data_flow" */ = {
			isa = XCConfigurationList;
			buildConfigurations = (
				E2BA8EF026D3769A00AB3040 /* Debug */,
				E2BA8EF126D3769A00AB3040 /* Release */,
			);
			defaultConfigurationIsVisible = 0;
			defaultConfigurationName = Release;
		};
/* End XCConfigurationList section */
	};
	rootObject = E2BA8ED826D3769600AB3040 /* Project object */;
}
